
Microsoft Visual Studio Solution File, Format Version 12.00
# Visual Studio 2012
Project("{FAE04EC0-301F-11D3-BF4B-00C04F79EFBC}") = "SharpGL.Tests", "SharpGL.Tests\SharpGL.Tests.csproj", "{F2655192-043D-4D73-8190-A2032CBA204B}"
EndProject
Project("{FAE04EC0-301F-11D3-BF4B-00C04F79EFBC}") = "SharpGL", "..\..\source\SharpGL\Core\SharpGL\SharpGL.csproj", "{5EF45533-E2C7-46F2-B4A3-B8F36CD406E0}"
EndProject
Global
	GlobalSection(SolutionConfigurationPlatforms) = preSolution
		Debug|Any CPU = Debug|Any CPU
		Debug|Mixed Platforms = Debug|Mixed Platforms
		Debug|Win32 = Debug|Win32
		Release|Any CPU = Release|Any CPU
		Release|Mixed Platforms = Release|Mixed Platforms
		Release|Win32 = Release|Win32
	EndGlobalSection
	GlobalSection(ProjectConfigurationPlatforms) = postSolution
		{F2655192-043D-4D73-8190-A2032CBA204B}.Debug|Any CPU.ActiveCfg = Debug|Any CPU
		{F2655192-043D-4D73-8190-A2032CBA204B}.Debug|Any CPU.Build.0 = Debug|Any CPU
		{F2655192-043D-4D73-8190-A2032CBA204B}.Debug|Mixed Platforms.ActiveCfg = Debug|Any CPU
		{F2655192-043D-4D73-8190-A2032CBA204B}.Debug|Mixed Platforms.Build.0 = Debug|Any CPU
		{F2655192-043D-4D73-8190-A2032CBA204B}.Debug|Win32.ActiveCfg = Debug|Any CPU
		{F2655192-043D-4D73-8190-A2032CBA204B}.Release|Any CPU.ActiveCfg = Release|Any CPU
		{F2655192-043D-4D73-8190-A2032CBA204B}.Release|Any CPU.Build.0 = Release|Any CPU
		{F2655192-043D-4D73-8190-A2032CBA204B}.Release|Mixed Platforms.ActiveCfg = Release|Any CPU
		{F2655192-043D-4D73-8190-A2032CBA204B}.Release|Mixed Platforms.Build.0 = Release|Any CPU
		{F2655192-043D-4D73-8190-A2032CBA204B}.Release|Win32.ActiveCfg = Release|Any CPU
		{5EF45533-E2C7-46F2-B4A3-B8F36CD406E0}.Debug|Any CPU.ActiveCfg = Debug|Any CPU
		{5EF45533-E2C7-46F2-B4A3-B8F36CD406E0}.Debug|Any CPU.Build.0 = Debug|Any CPU
		{5EF45533-E2C7-46F2-B4A3-B8F36CD406E0}.Debug|Mixed Platforms.ActiveCfg = Debug|Any CPU
		{5EF45533-E2C7-46F2-B4A3-B8F36CD406E0}.Debug|Mixed Platforms.Build.0 = Debug|Any CPU
		{5EF45533-E2C7-46F2-B4A3-B8F36CD406E0}.Debug|Win32.ActiveCfg = Debug|Any CPU
		{5EF45533-E2C7-46F2-B4A3-B8F36CD406E0}.Release|Any CPU.ActiveCfg = Release|Any CPU
		{5EF45533-E2C7-46F2-B4A3-B8F36CD406E0}.Release|Any CPU.Build.0 = Release|Any CPU
		{5EF45533-E2C7-46F2-B4A3-B8F36CD406E0}.Release|Mixed Platforms.ActiveCfg = Release|Any CPU
		{5EF45533-E2C7-46F2-B4A3-B8F36CD406E0}.Release|Mixed Platforms.Build.0 = Release|Any CPU
		{5EF45533-E2C7-46F2-B4A3-B8F36CD406E0}.Release|Win32.ActiveCfg = Release|Any CPU
	EndGlobalSection
	GlobalSection(SolutionProperties) = preSolution
		HideSolutionNode = FALSE
	EndGlobalSection
EndGlobal
