
Microsoft Visual Studio Solution File, Format Version 12.00
# Visual Studio 15
VisualStudioVersion = 15.0.28307.572
MinimumVisualStudioVersion = 10.0.40219.1
Project("{2150E333-8FDC-42A3-9474-1A3956D46DE8}") = "Core", "Core", "{9C91BBE9-AEC4-47C0-98D7-1732A3F205FB}"
EndProject
Project("{FAE04EC0-301F-11D3-BF4B-00C04F79EFBC}") = "SharpGL.WinForms", "Core\SharpGL.WinForms\SharpGL.WinForms.csproj", "{B2984A6D-AD1C-4BE9-94AB-BA002B338751}"
EndProject
Project("{FAE04EC0-301F-11D3-BF4B-00C04F79EFBC}") = "SharpGL.WPF", "Core\SharpGL.WPF\SharpGL.WPF.csproj", "{53E67055-13D2-4467-BB57-79589AFAC2CD}"
EndProject
Project("{2150E333-8FDC-42A3-9474-1A3956D46DE8}") = "WinForms Samples", "WinForms Samples", "{7B5EC8D9-8BB2-4738-AE7C-1B6E4BE0DFF3}"
EndProject
Project("{FAE04EC0-301F-11D3-BF4B-00C04F79EFBC}") = "DuckySample", "Samples\WinForms\DuckySample\DuckySample.csproj", "{18CA489C-B5DA-4E0B-9250-6EC9A925F87F}"
EndProject
Project("{FAE04EC0-301F-11D3-BF4B-00C04F79EFBC}") = "NativeTexturesSample", "Samples\WinForms\NativeTexturesSample\NativeTexturesSample.csproj", "{3130CA21-EC44-49B1-AA7A-52EE64BD6AF4}"
EndProject
Project("{FAE04EC0-301F-11D3-BF4B-00C04F79EFBC}") = "ParticleSystemSample", "Samples\WinForms\ParticleSystemSample\ParticleSystemSample.csproj", "{A6FE827E-D58F-4389-9E27-7960FE68FF5C}"
EndProject
Project("{FAE04EC0-301F-11D3-BF4B-00C04F79EFBC}") = "PolygonLoadingSample", "Samples\WinForms\PolygonLoadingSample\PolygonLoadingSample.csproj", "{C2C7CB4D-41C5-4154-A466-B09D30182750}"
EndProject
Project("{FAE04EC0-301F-11D3-BF4B-00C04F79EFBC}") = "RadialBlurSample", "Samples\WinForms\RadialBlurSample\RadialBlurSample.csproj", "{CAFE01A9-21D3-45D3-95DF-6A6CDE499747}"
EndProject
Project("{FAE04EC0-301F-11D3-BF4B-00C04F79EFBC}") = "RenderContextsSample", "Samples\WinForms\RenderContextsSample\RenderContextsSample.csproj", "{3BB39A2B-12E6-4821-B9D7-7EDDE7EB1335}"
EndProject
Project("{FAE04EC0-301F-11D3-BF4B-00C04F79EFBC}") = "SceneSample", "Samples\WinForms\SceneSample\SceneSample.csproj", "{5DDE8F09-0202-41F1-BE23-E4843CA38A07}"
EndProject
Project("{FAE04EC0-301F-11D3-BF4B-00C04F79EFBC}") = "SharpGLTexturesSample", "Samples\WinForms\SharpGLTexturesSample\SharpGLTexturesSample.csproj", "{96B2D003-5C78-4EB2-9EFB-18CCEF52C90F}"
EndProject
Project("{FAE04EC0-301F-11D3-BF4B-00C04F79EFBC}") = "SimpleDrawingSample", "Samples\WinForms\SimpleDrawingSample\SimpleDrawingSample.csproj", "{A1067634-84F1-4FA5-B683-000AF430DA1A}"
EndProject
Project("{2150E333-8FDC-42A3-9474-1A3956D46DE8}") = "WPF Samples", "WPF Samples", "{B8FC469E-614B-44E1-8F5C-6DB9DD34C9B0}"
EndProject
Project("{FAE04EC0-301F-11D3-BF4B-00C04F79EFBC}") = "TeapotSample", "Samples\WPF\TeapotSample\TeapotSample.csproj", "{EC159669-6A37-410A-806D-AA05365FA3F3}"
EndProject
Project("{FAE04EC0-301F-11D3-BF4B-00C04F79EFBC}") = "TextRenderingSample", "Samples\WPF\TextRenderingSample\TextRenderingSample.csproj", "{352017EE-EDA6-48CD-82B9-7B793CD69236}"
EndProject
Project("{FAE04EC0-301F-11D3-BF4B-00C04F79EFBC}") = "HitTestSample", "Samples\WinForms\HitTestSample\HitTestSample.csproj", "{30E922F7-4904-4ACB-93E4-A35DD681E2FA}"
EndProject
Project("{FAE04EC0-301F-11D3-BF4B-00C04F79EFBC}") = "SharpGL.Serialization", "Core\SharpGL.Serialization\SharpGL.Serialization.csproj", "{FDFA2632-A960-4778-A517-CA9E337C037C}"
EndProject
Project("{FAE04EC0-301F-11D3-BF4B-00C04F79EFBC}") = "SimpleShaderSample", "Samples\WPF\SimpleShaderSample\SimpleShaderSample.csproj", "{6DB0A8E3-0385-4B1A-BF61-44F8275909A2}"
EndProject
Project("{FAE04EC0-301F-11D3-BF4B-00C04F79EFBC}") = "SharpGL.SceneGraph", "Core\SharpGL.SceneGraph\SharpGL.SceneGraph.csproj", "{47BCAA39-EDAD-4404-B6BD-4742B0ABB523}"
EndProject
Project("{FAE04EC0-301F-11D3-BF4B-00C04F79EFBC}") = "SharpGL", "Core\SharpGL\SharpGL.csproj", "{5EF45533-E2C7-46F2-B4A3-B8F36CD406E0}"
EndProject
Project("{FAE04EC0-301F-11D3-BF4B-00C04F79EFBC}") = "ExtensionsSample", "Samples\WinForms\ExtensionsSample\ExtensionsSample.csproj", "{BF733115-E11E-4EF9-A582-E79EEE7D53DA}"
EndProject
Project("{FAE04EC0-301F-11D3-BF4B-00C04F79EFBC}") = "CelShadingSample", "Samples\WPF\CelShadingSample\CelShadingSample.csproj", "{A014D02B-51B5-430D-A7FE-EF4805D57276}"
EndProject
Project("{FAE04EC0-301F-11D3-BF4B-00C04F79EFBC}") = "TwoDSample", "Samples\WPF\TwoDSample\TwoDSample.csproj", "{803A6DA5-5497-45B6-A738-1B56D12A83DF}"
EndProject
Project("{FAE04EC0-301F-11D3-BF4B-00C04F79EFBC}") = "RenderTriggerSample", "Samples\WinForms\RenderTriggerSample\RenderTriggerSample.csproj", "{A658D18E-CEC7-41DA-99CE-8AC20130E5CA}"
EndProject
Project("{FAE04EC0-301F-11D3-BF4B-00C04F79EFBC}") = "DrawingMechanismsSample", "Samples\WPF\DrawingMechanismsSample\DrawingMechanismsSample.csproj", "{8C16EA4F-5C5C-4451-BEB3-AD2BFAE92A0F}"
EndProject
Project("{FAE04EC0-301F-11D3-BF4B-00C04F79EFBC}") = "ModernOpenGLSample", "Samples\WinForms\ModernOpenGLSample\ModernOpenGLSample.csproj", "{52F6185C-F865-4BCF-9E02-EBD8C0A71133}"
EndProject
Project("{2150E333-8FDC-42A3-9474-1A3956D46DE8}") = ".nuget", ".nuget", "{BF3E19B7-3E2D-435A-ABAE-DEFF6FA584F0}"
	ProjectSection(SolutionItems) = preProject
		.nuget\NuGet.Config = .nuget\NuGet.Config
		.nuget\NuGet.exe = .nuget\NuGet.exe
		.nuget\NuGet.targets = .nuget\NuGet.targets
	EndProjectSection
EndProject
Project("{FAE04EC0-301F-11D3-BF4B-00C04F79EFBC}") = "ObjectLoadingSample", "Samples\WPF\ObjectLoadingSample\ObjectLoadingSample.csproj", "{66932482-AC9B-453A-AAE1-1CD292CD8FD8}"
EndProject
Project("{FAE04EC0-301F-11D3-BF4B-00C04F79EFBC}") = "FastGL", "Samples\WPF\FastGLControl.WPF\FastGL.csproj", "{D077860D-9316-4E13-9C0C-A2628E4FBE16}"
EndProject
Global
	GlobalSection(SolutionConfigurationPlatforms) = preSolution
		Debug|Any CPU = Debug|Any CPU
		Debug|Mixed Platforms = Debug|Mixed Platforms
		Debug|x86 = Debug|x86
		Release|Any CPU = Release|Any CPU
		Release|Mixed Platforms = Release|Mixed Platforms
		Release|x86 = Release|x86
	EndGlobalSection
	GlobalSection(ProjectConfigurationPlatforms) = postSolution
		{B2984A6D-AD1C-4BE9-94AB-BA002B338751}.Debug|Any CPU.ActiveCfg = Debug|Any CPU
		{B2984A6D-AD1C-4BE9-94AB-BA002B338751}.Debug|Any CPU.Build.0 = Debug|Any CPU
		{B2984A6D-AD1C-4BE9-94AB-BA002B338751}.Debug|Mixed Platforms.ActiveCfg = Debug|Any CPU
		{B2984A6D-AD1C-4BE9-94AB-BA002B338751}.Debug|Mixed Platforms.Build.0 = Debug|Any CPU
		{B2984A6D-AD1C-4BE9-94AB-BA002B338751}.Debug|x86.ActiveCfg = Debug|Any CPU
		{B2984A6D-AD1C-4BE9-94AB-BA002B338751}.Release|Any CPU.ActiveCfg = Release|Any CPU
		{B2984A6D-AD1C-4BE9-94AB-BA002B338751}.Release|Any CPU.Build.0 = Release|Any CPU
		{B2984A6D-AD1C-4BE9-94AB-BA002B338751}.Release|Mixed Platforms.ActiveCfg = Release|Any CPU
		{B2984A6D-AD1C-4BE9-94AB-BA002B338751}.Release|Mixed Platforms.Build.0 = Release|Any CPU
		{B2984A6D-AD1C-4BE9-94AB-BA002B338751}.Release|x86.ActiveCfg = Release|Any CPU
		{53E67055-13D2-4467-BB57-79589AFAC2CD}.Debug|Any CPU.ActiveCfg = Debug|Any CPU
		{53E67055-13D2-4467-BB57-79589AFAC2CD}.Debug|Any CPU.Build.0 = Debug|Any CPU
		{53E67055-13D2-4467-BB57-79589AFAC2CD}.Debug|Mixed Platforms.ActiveCfg = Debug|Any CPU
		{53E67055-13D2-4467-BB57-79589AFAC2CD}.Debug|Mixed Platforms.Build.0 = Debug|Any CPU
		{53E67055-13D2-4467-BB57-79589AFAC2CD}.Debug|x86.ActiveCfg = Debug|Any CPU
		{53E67055-13D2-4467-BB57-79589AFAC2CD}.Release|Any CPU.ActiveCfg = Release|Any CPU
		{53E67055-13D2-4467-BB57-79589AFAC2CD}.Release|Any CPU.Build.0 = Release|Any CPU
		{53E67055-13D2-4467-BB57-79589AFAC2CD}.Release|Mixed Platforms.ActiveCfg = Release|Any CPU
		{53E67055-13D2-4467-BB57-79589AFAC2CD}.Release|Mixed Platforms.Build.0 = Release|Any CPU
		{53E67055-13D2-4467-BB57-79589AFAC2CD}.Release|x86.ActiveCfg = Release|Any CPU
		{18CA489C-B5DA-4E0B-9250-6EC9A925F87F}.Debug|Any CPU.ActiveCfg = Debug|Any CPU
		{18CA489C-B5DA-4E0B-9250-6EC9A925F87F}.Debug|Any CPU.Build.0 = Debug|Any CPU
		{18CA489C-B5DA-4E0B-9250-6EC9A925F87F}.Debug|Mixed Platforms.ActiveCfg = Debug|Any CPU
		{18CA489C-B5DA-4E0B-9250-6EC9A925F87F}.Debug|Mixed Platforms.Build.0 = Debug|Any CPU
		{18CA489C-B5DA-4E0B-9250-6EC9A925F87F}.Debug|x86.ActiveCfg = Debug|Any CPU
		{18CA489C-B5DA-4E0B-9250-6EC9A925F87F}.Release|Any CPU.ActiveCfg = Release|Any CPU
		{18CA489C-B5DA-4E0B-9250-6EC9A925F87F}.Release|Any CPU.Build.0 = Release|Any CPU
		{18CA489C-B5DA-4E0B-9250-6EC9A925F87F}.Release|Mixed Platforms.ActiveCfg = Release|Any CPU
		{18CA489C-B5DA-4E0B-9250-6EC9A925F87F}.Release|Mixed Platforms.Build.0 = Release|Any CPU
		{18CA489C-B5DA-4E0B-9250-6EC9A925F87F}.Release|x86.ActiveCfg = Release|Any CPU
		{3130CA21-EC44-49B1-AA7A-52EE64BD6AF4}.Debug|Any CPU.ActiveCfg = Debug|Any CPU
		{3130CA21-EC44-49B1-AA7A-52EE64BD6AF4}.Debug|Any CPU.Build.0 = Debug|Any CPU
		{3130CA21-EC44-49B1-AA7A-52EE64BD6AF4}.Debug|Mixed Platforms.ActiveCfg = Debug|Any CPU
		{3130CA21-EC44-49B1-AA7A-52EE64BD6AF4}.Debug|Mixed Platforms.Build.0 = Debug|Any CPU
		{3130CA21-EC44-49B1-AA7A-52EE64BD6AF4}.Debug|x86.ActiveCfg = Debug|Any CPU
		{3130CA21-EC44-49B1-AA7A-52EE64BD6AF4}.Release|Any CPU.ActiveCfg = Release|Any CPU
		{3130CA21-EC44-49B1-AA7A-52EE64BD6AF4}.Release|Any CPU.Build.0 = Release|Any CPU
		{3130CA21-EC44-49B1-AA7A-52EE64BD6AF4}.Release|Mixed Platforms.ActiveCfg = Release|Any CPU
		{3130CA21-EC44-49B1-AA7A-52EE64BD6AF4}.Release|Mixed Platforms.Build.0 = Release|Any CPU
		{3130CA21-EC44-49B1-AA7A-52EE64BD6AF4}.Release|x86.ActiveCfg = Release|Any CPU
		{A6FE827E-D58F-4389-9E27-7960FE68FF5C}.Debug|Any CPU.ActiveCfg = Debug|Any CPU
		{A6FE827E-D58F-4389-9E27-7960FE68FF5C}.Debug|Any CPU.Build.0 = Debug|Any CPU
		{A6FE827E-D58F-4389-9E27-7960FE68FF5C}.Debug|Mixed Platforms.ActiveCfg = Debug|Any CPU
		{A6FE827E-D58F-4389-9E27-7960FE68FF5C}.Debug|Mixed Platforms.Build.0 = Debug|Any CPU
		{A6FE827E-D58F-4389-9E27-7960FE68FF5C}.Debug|x86.ActiveCfg = Debug|Any CPU
		{A6FE827E-D58F-4389-9E27-7960FE68FF5C}.Release|Any CPU.ActiveCfg = Release|Any CPU
		{A6FE827E-D58F-4389-9E27-7960FE68FF5C}.Release|Any CPU.Build.0 = Release|Any CPU
		{A6FE827E-D58F-4389-9E27-7960FE68FF5C}.Release|Mixed Platforms.ActiveCfg = Release|Any CPU
		{A6FE827E-D58F-4389-9E27-7960FE68FF5C}.Release|Mixed Platforms.Build.0 = Release|Any CPU
		{A6FE827E-D58F-4389-9E27-7960FE68FF5C}.Release|x86.ActiveCfg = Release|Any CPU
		{C2C7CB4D-41C5-4154-A466-B09D30182750}.Debug|Any CPU.ActiveCfg = Debug|Any CPU
		{C2C7CB4D-41C5-4154-A466-B09D30182750}.Debug|Any CPU.Build.0 = Debug|Any CPU
		{C2C7CB4D-41C5-4154-A466-B09D30182750}.Debug|Mixed Platforms.ActiveCfg = Debug|Any CPU
		{C2C7CB4D-41C5-4154-A466-B09D30182750}.Debug|Mixed Platforms.Build.0 = Debug|Any CPU
		{C2C7CB4D-41C5-4154-A466-B09D30182750}.Debug|x86.ActiveCfg = Debug|Any CPU
		{C2C7CB4D-41C5-4154-A466-B09D30182750}.Release|Any CPU.ActiveCfg = Release|Any CPU
		{C2C7CB4D-41C5-4154-A466-B09D30182750}.Release|Any CPU.Build.0 = Release|Any CPU
		{C2C7CB4D-41C5-4154-A466-B09D30182750}.Release|Mixed Platforms.ActiveCfg = Release|Any CPU
		{C2C7CB4D-41C5-4154-A466-B09D30182750}.Release|Mixed Platforms.Build.0 = Release|Any CPU
		{C2C7CB4D-41C5-4154-A466-B09D30182750}.Release|x86.ActiveCfg = Release|Any CPU
		{CAFE01A9-21D3-45D3-95DF-6A6CDE499747}.Debug|Any CPU.ActiveCfg = Debug|Any CPU
		{CAFE01A9-21D3-45D3-95DF-6A6CDE499747}.Debug|Any CPU.Build.0 = Debug|Any CPU
		{CAFE01A9-21D3-45D3-95DF-6A6CDE499747}.Debug|Mixed Platforms.ActiveCfg = Debug|Any CPU
		{CAFE01A9-21D3-45D3-95DF-6A6CDE499747}.Debug|Mixed Platforms.Build.0 = Debug|Any CPU
		{CAFE01A9-21D3-45D3-95DF-6A6CDE499747}.Debug|x86.ActiveCfg = Debug|Any CPU
		{CAFE01A9-21D3-45D3-95DF-6A6CDE499747}.Release|Any CPU.ActiveCfg = Release|Any CPU
		{CAFE01A9-21D3-45D3-95DF-6A6CDE499747}.Release|Any CPU.Build.0 = Release|Any CPU
		{CAFE01A9-21D3-45D3-95DF-6A6CDE499747}.Release|Mixed Platforms.ActiveCfg = Release|Any CPU
		{CAFE01A9-21D3-45D3-95DF-6A6CDE499747}.Release|Mixed Platforms.Build.0 = Release|Any CPU
		{CAFE01A9-21D3-45D3-95DF-6A6CDE499747}.Release|x86.ActiveCfg = Release|Any CPU
		{3BB39A2B-12E6-4821-B9D7-7EDDE7EB1335}.Debug|Any CPU.ActiveCfg = Debug|x86
		{3BB39A2B-12E6-4821-B9D7-7EDDE7EB1335}.Debug|Any CPU.Build.0 = Debug|x86
		{3BB39A2B-12E6-4821-B9D7-7EDDE7EB1335}.Debug|Mixed Platforms.ActiveCfg = Debug|x86
		{3BB39A2B-12E6-4821-B9D7-7EDDE7EB1335}.Debug|Mixed Platforms.Build.0 = Debug|x86
		{3BB39A2B-12E6-4821-B9D7-7EDDE7EB1335}.Debug|x86.ActiveCfg = Debug|x86
		{3BB39A2B-12E6-4821-B9D7-7EDDE7EB1335}.Debug|x86.Build.0 = Debug|x86
		{3BB39A2B-12E6-4821-B9D7-7EDDE7EB1335}.Release|Any CPU.ActiveCfg = Release|x86
		{3BB39A2B-12E6-4821-B9D7-7EDDE7EB1335}.Release|Any CPU.Build.0 = Release|x86
		{3BB39A2B-12E6-4821-B9D7-7EDDE7EB1335}.Release|Mixed Platforms.ActiveCfg = Release|x86
		{3BB39A2B-12E6-4821-B9D7-7EDDE7EB1335}.Release|Mixed Platforms.Build.0 = Release|x86
		{3BB39A2B-12E6-4821-B9D7-7EDDE7EB1335}.Release|x86.ActiveCfg = Release|x86
		{3BB39A2B-12E6-4821-B9D7-7EDDE7EB1335}.Release|x86.Build.0 = Release|x86
		{5DDE8F09-0202-41F1-BE23-E4843CA38A07}.Debug|Any CPU.ActiveCfg = Debug|Any CPU
		{5DDE8F09-0202-41F1-BE23-E4843CA38A07}.Debug|Any CPU.Build.0 = Debug|Any CPU
		{5DDE8F09-0202-41F1-BE23-E4843CA38A07}.Debug|Mixed Platforms.ActiveCfg = Debug|Any CPU
		{5DDE8F09-0202-41F1-BE23-E4843CA38A07}.Debug|Mixed Platforms.Build.0 = Debug|Any CPU
		{5DDE8F09-0202-41F1-BE23-E4843CA38A07}.Debug|x86.ActiveCfg = Debug|Any CPU
		{5DDE8F09-0202-41F1-BE23-E4843CA38A07}.Release|Any CPU.ActiveCfg = Release|Any CPU
		{5DDE8F09-0202-41F1-BE23-E4843CA38A07}.Release|Any CPU.Build.0 = Release|Any CPU
		{5DDE8F09-0202-41F1-BE23-E4843CA38A07}.Release|Mixed Platforms.ActiveCfg = Release|Any CPU
		{5DDE8F09-0202-41F1-BE23-E4843CA38A07}.Release|Mixed Platforms.Build.0 = Release|Any CPU
		{5DDE8F09-0202-41F1-BE23-E4843CA38A07}.Release|x86.ActiveCfg = Release|Any CPU
		{96B2D003-5C78-4EB2-9EFB-18CCEF52C90F}.Debug|Any CPU.ActiveCfg = Debug|Any CPU
		{96B2D003-5C78-4EB2-9EFB-18CCEF52C90F}.Debug|Any CPU.Build.0 = Debug|Any CPU
		{96B2D003-5C78-4EB2-9EFB-18CCEF52C90F}.Debug|Mixed Platforms.ActiveCfg = Debug|Any CPU
		{96B2D003-5C78-4EB2-9EFB-18CCEF52C90F}.Debug|Mixed Platforms.Build.0 = Debug|Any CPU
		{96B2D003-5C78-4EB2-9EFB-18CCEF52C90F}.Debug|x86.ActiveCfg = Debug|Any CPU
		{96B2D003-5C78-4EB2-9EFB-18CCEF52C90F}.Release|Any CPU.ActiveCfg = Release|Any CPU
		{96B2D003-5C78-4EB2-9EFB-18CCEF52C90F}.Release|Any CPU.Build.0 = Release|Any CPU
		{96B2D003-5C78-4EB2-9EFB-18CCEF52C90F}.Release|Mixed Platforms.ActiveCfg = Release|Any CPU
		{96B2D003-5C78-4EB2-9EFB-18CCEF52C90F}.Release|Mixed Platforms.Build.0 = Release|Any CPU
		{96B2D003-5C78-4EB2-9EFB-18CCEF52C90F}.Release|x86.ActiveCfg = Release|Any CPU
		{A1067634-84F1-4FA5-B683-000AF430DA1A}.Debug|Any CPU.ActiveCfg = Debug|Any CPU
		{A1067634-84F1-4FA5-B683-000AF430DA1A}.Debug|Any CPU.Build.0 = Debug|Any CPU
		{A1067634-84F1-4FA5-B683-000AF430DA1A}.Debug|Mixed Platforms.ActiveCfg = Debug|Any CPU
		{A1067634-84F1-4FA5-B683-000AF430DA1A}.Debug|Mixed Platforms.Build.0 = Debug|Any CPU
		{A1067634-84F1-4FA5-B683-000AF430DA1A}.Debug|x86.ActiveCfg = Debug|Any CPU
		{A1067634-84F1-4FA5-B683-000AF430DA1A}.Release|Any CPU.ActiveCfg = Release|Any CPU
		{A1067634-84F1-4FA5-B683-000AF430DA1A}.Release|Any CPU.Build.0 = Release|Any CPU
		{A1067634-84F1-4FA5-B683-000AF430DA1A}.Release|Mixed Platforms.ActiveCfg = Release|Any CPU
		{A1067634-84F1-4FA5-B683-000AF430DA1A}.Release|Mixed Platforms.Build.0 = Release|Any CPU
		{A1067634-84F1-4FA5-B683-000AF430DA1A}.Release|x86.ActiveCfg = Release|Any CPU
		{EC159669-6A37-410A-806D-AA05365FA3F3}.Debug|Any CPU.ActiveCfg = Debug|x86
		{EC159669-6A37-410A-806D-AA05365FA3F3}.Debug|Any CPU.Build.0 = Debug|x86
		{EC159669-6A37-410A-806D-AA05365FA3F3}.Debug|Mixed Platforms.ActiveCfg = Debug|x86
		{EC159669-6A37-410A-806D-AA05365FA3F3}.Debug|Mixed Platforms.Build.0 = Debug|x86
		{EC159669-6A37-410A-806D-AA05365FA3F3}.Debug|x86.ActiveCfg = Debug|x86
		{EC159669-6A37-410A-806D-AA05365FA3F3}.Debug|x86.Build.0 = Debug|x86
		{EC159669-6A37-410A-806D-AA05365FA3F3}.Release|Any CPU.ActiveCfg = Release|x86
		{EC159669-6A37-410A-806D-AA05365FA3F3}.Release|Any CPU.Build.0 = Release|x86
		{EC159669-6A37-410A-806D-AA05365FA3F3}.Release|Mixed Platforms.ActiveCfg = Release|x86
		{EC159669-6A37-410A-806D-AA05365FA3F3}.Release|Mixed Platforms.Build.0 = Release|x86
		{EC159669-6A37-410A-806D-AA05365FA3F3}.Release|x86.ActiveCfg = Release|x86
		{EC159669-6A37-410A-806D-AA05365FA3F3}.Release|x86.Build.0 = Release|x86
		{352017EE-EDA6-48CD-82B9-7B793CD69236}.Debug|Any CPU.ActiveCfg = Debug|x86
		{352017EE-EDA6-48CD-82B9-7B793CD69236}.Debug|Any CPU.Build.0 = Debug|x86
		{352017EE-EDA6-48CD-82B9-7B793CD69236}.Debug|Mixed Platforms.ActiveCfg = Debug|x86
		{352017EE-EDA6-48CD-82B9-7B793CD69236}.Debug|Mixed Platforms.Build.0 = Debug|x86
		{352017EE-EDA6-48CD-82B9-7B793CD69236}.Debug|x86.ActiveCfg = Debug|x86
		{352017EE-EDA6-48CD-82B9-7B793CD69236}.Debug|x86.Build.0 = Debug|x86
		{352017EE-EDA6-48CD-82B9-7B793CD69236}.Release|Any CPU.ActiveCfg = Release|x86
		{352017EE-EDA6-48CD-82B9-7B793CD69236}.Release|Any CPU.Build.0 = Release|x86
		{352017EE-EDA6-48CD-82B9-7B793CD69236}.Release|Mixed Platforms.ActiveCfg = Release|x86
		{352017EE-EDA6-48CD-82B9-7B793CD69236}.Release|Mixed Platforms.Build.0 = Release|x86
		{352017EE-EDA6-48CD-82B9-7B793CD69236}.Release|x86.ActiveCfg = Release|x86
		{352017EE-EDA6-48CD-82B9-7B793CD69236}.Release|x86.Build.0 = Release|x86
		{30E922F7-4904-4ACB-93E4-A35DD681E2FA}.Debug|Any CPU.ActiveCfg = Debug|Any CPU
		{30E922F7-4904-4ACB-93E4-A35DD681E2FA}.Debug|Any CPU.Build.0 = Debug|Any CPU
		{30E922F7-4904-4ACB-93E4-A35DD681E2FA}.Debug|Mixed Platforms.ActiveCfg = Debug|Any CPU
		{30E922F7-4904-4ACB-93E4-A35DD681E2FA}.Debug|Mixed Platforms.Build.0 = Debug|Any CPU
		{30E922F7-4904-4ACB-93E4-A35DD681E2FA}.Debug|x86.ActiveCfg = Debug|Any CPU
		{30E922F7-4904-4ACB-93E4-A35DD681E2FA}.Release|Any CPU.ActiveCfg = Release|Any CPU
		{30E922F7-4904-4ACB-93E4-A35DD681E2FA}.Release|Any CPU.Build.0 = Release|Any CPU
		{30E922F7-4904-4ACB-93E4-A35DD681E2FA}.Release|Mixed Platforms.ActiveCfg = Release|Any CPU
		{30E922F7-4904-4ACB-93E4-A35DD681E2FA}.Release|Mixed Platforms.Build.0 = Release|Any CPU
		{30E922F7-4904-4ACB-93E4-A35DD681E2FA}.Release|x86.ActiveCfg = Release|Any CPU
		{FDFA2632-A960-4778-A517-CA9E337C037C}.Debug|Any CPU.ActiveCfg = Debug|Any CPU
		{FDFA2632-A960-4778-A517-CA9E337C037C}.Debug|Any CPU.Build.0 = Debug|Any CPU
		{FDFA2632-A960-4778-A517-CA9E337C037C}.Debug|Mixed Platforms.ActiveCfg = Debug|Any CPU
		{FDFA2632-A960-4778-A517-CA9E337C037C}.Debug|Mixed Platforms.Build.0 = Debug|Any CPU
		{FDFA2632-A960-4778-A517-CA9E337C037C}.Debug|x86.ActiveCfg = Debug|Any CPU
		{FDFA2632-A960-4778-A517-CA9E337C037C}.Release|Any CPU.ActiveCfg = Release|Any CPU
		{FDFA2632-A960-4778-A517-CA9E337C037C}.Release|Any CPU.Build.0 = Release|Any CPU
		{FDFA2632-A960-4778-A517-CA9E337C037C}.Release|Mixed Platforms.ActiveCfg = Release|Any CPU
		{FDFA2632-A960-4778-A517-CA9E337C037C}.Release|Mixed Platforms.Build.0 = Release|Any CPU
		{FDFA2632-A960-4778-A517-CA9E337C037C}.Release|x86.ActiveCfg = Release|Any CPU
		{6DB0A8E3-0385-4B1A-BF61-44F8275909A2}.Debug|Any CPU.ActiveCfg = Debug|x86
		{6DB0A8E3-0385-4B1A-BF61-44F8275909A2}.Debug|Any CPU.Build.0 = Debug|x86
		{6DB0A8E3-0385-4B1A-BF61-44F8275909A2}.Debug|Mixed Platforms.ActiveCfg = Debug|x86
		{6DB0A8E3-0385-4B1A-BF61-44F8275909A2}.Debug|Mixed Platforms.Build.0 = Debug|x86
		{6DB0A8E3-0385-4B1A-BF61-44F8275909A2}.Debug|x86.ActiveCfg = Debug|x86
		{6DB0A8E3-0385-4B1A-BF61-44F8275909A2}.Debug|x86.Build.0 = Debug|x86
		{6DB0A8E3-0385-4B1A-BF61-44F8275909A2}.Release|Any CPU.ActiveCfg = Release|x86
		{6DB0A8E3-0385-4B1A-BF61-44F8275909A2}.Release|Any CPU.Build.0 = Release|x86
		{6DB0A8E3-0385-4B1A-BF61-44F8275909A2}.Release|Mixed Platforms.ActiveCfg = Release|x86
		{6DB0A8E3-0385-4B1A-BF61-44F8275909A2}.Release|Mixed Platforms.Build.0 = Release|x86
		{6DB0A8E3-0385-4B1A-BF61-44F8275909A2}.Release|x86.ActiveCfg = Release|x86
		{6DB0A8E3-0385-4B1A-BF61-44F8275909A2}.Release|x86.Build.0 = Release|x86
		{47BCAA39-EDAD-4404-B6BD-4742B0ABB523}.Debug|Any CPU.ActiveCfg = Debug|Any CPU
		{47BCAA39-EDAD-4404-B6BD-4742B0ABB523}.Debug|Any CPU.Build.0 = Debug|Any CPU
		{47BCAA39-EDAD-4404-B6BD-4742B0ABB523}.Debug|Mixed Platforms.ActiveCfg = Debug|Any CPU
		{47BCAA39-EDAD-4404-B6BD-4742B0ABB523}.Debug|Mixed Platforms.Build.0 = Debug|Any CPU
		{47BCAA39-EDAD-4404-B6BD-4742B0ABB523}.Debug|x86.ActiveCfg = Debug|Any CPU
		{47BCAA39-EDAD-4404-B6BD-4742B0ABB523}.Release|Any CPU.ActiveCfg = Release|Any CPU
		{47BCAA39-EDAD-4404-B6BD-4742B0ABB523}.Release|Any CPU.Build.0 = Release|Any CPU
		{47BCAA39-EDAD-4404-B6BD-4742B0ABB523}.Release|Mixed Platforms.ActiveCfg = Release|Any CPU
		{47BCAA39-EDAD-4404-B6BD-4742B0ABB523}.Release|Mixed Platforms.Build.0 = Release|Any CPU
		{47BCAA39-EDAD-4404-B6BD-4742B0ABB523}.Release|x86.ActiveCfg = Release|Any CPU
		{5EF45533-E2C7-46F2-B4A3-B8F36CD406E0}.Debug|Any CPU.ActiveCfg = Debug|Any CPU
		{5EF45533-E2C7-46F2-B4A3-B8F36CD406E0}.Debug|Any CPU.Build.0 = Debug|Any CPU
		{5EF45533-E2C7-46F2-B4A3-B8F36CD406E0}.Debug|Mixed Platforms.ActiveCfg = Debug|Any CPU
		{5EF45533-E2C7-46F2-B4A3-B8F36CD406E0}.Debug|Mixed Platforms.Build.0 = Debug|Any CPU
		{5EF45533-E2C7-46F2-B4A3-B8F36CD406E0}.Debug|x86.ActiveCfg = Debug|Any CPU
		{5EF45533-E2C7-46F2-B4A3-B8F36CD406E0}.Release|Any CPU.ActiveCfg = Release|Any CPU
		{5EF45533-E2C7-46F2-B4A3-B8F36CD406E0}.Release|Any CPU.Build.0 = Release|Any CPU
		{5EF45533-E2C7-46F2-B4A3-B8F36CD406E0}.Release|Mixed Platforms.ActiveCfg = Release|Any CPU
		{5EF45533-E2C7-46F2-B4A3-B8F36CD406E0}.Release|Mixed Platforms.Build.0 = Release|Any CPU
		{5EF45533-E2C7-46F2-B4A3-B8F36CD406E0}.Release|x86.ActiveCfg = Release|Any CPU
		{BF733115-E11E-4EF9-A582-E79EEE7D53DA}.Debug|Any CPU.ActiveCfg = Debug|x86
		{BF733115-E11E-4EF9-A582-E79EEE7D53DA}.Debug|Any CPU.Build.0 = Debug|x86
		{BF733115-E11E-4EF9-A582-E79EEE7D53DA}.Debug|Mixed Platforms.ActiveCfg = Debug|x86
		{BF733115-E11E-4EF9-A582-E79EEE7D53DA}.Debug|Mixed Platforms.Build.0 = Debug|x86
		{BF733115-E11E-4EF9-A582-E79EEE7D53DA}.Debug|x86.ActiveCfg = Debug|x86
		{BF733115-E11E-4EF9-A582-E79EEE7D53DA}.Debug|x86.Build.0 = Debug|x86
		{BF733115-E11E-4EF9-A582-E79EEE7D53DA}.Release|Any CPU.ActiveCfg = Release|x86
		{BF733115-E11E-4EF9-A582-E79EEE7D53DA}.Release|Mixed Platforms.ActiveCfg = Release|x86
		{BF733115-E11E-4EF9-A582-E79EEE7D53DA}.Release|Mixed Platforms.Build.0 = Release|x86
		{BF733115-E11E-4EF9-A582-E79EEE7D53DA}.Release|x86.ActiveCfg = Release|x86
		{BF733115-E11E-4EF9-A582-E79EEE7D53DA}.Release|x86.Build.0 = Release|x86
		{A014D02B-51B5-430D-A7FE-EF4805D57276}.Debug|Any CPU.ActiveCfg = Debug|x86
		{A014D02B-51B5-430D-A7FE-EF4805D57276}.Debug|Any CPU.Build.0 = Debug|x86
		{A014D02B-51B5-430D-A7FE-EF4805D57276}.Debug|Mixed Platforms.ActiveCfg = Debug|x86
		{A014D02B-51B5-430D-A7FE-EF4805D57276}.Debug|Mixed Platforms.Build.0 = Debug|x86
		{A014D02B-51B5-430D-A7FE-EF4805D57276}.Debug|x86.ActiveCfg = Debug|x86
		{A014D02B-51B5-430D-A7FE-EF4805D57276}.Debug|x86.Build.0 = Debug|x86
		{A014D02B-51B5-430D-A7FE-EF4805D57276}.Release|Any CPU.ActiveCfg = Release|x86
		{A014D02B-51B5-430D-A7FE-EF4805D57276}.Release|Mixed Platforms.ActiveCfg = Release|x86
		{A014D02B-51B5-430D-A7FE-EF4805D57276}.Release|Mixed Platforms.Build.0 = Release|x86
		{A014D02B-51B5-430D-A7FE-EF4805D57276}.Release|x86.ActiveCfg = Release|x86
		{A014D02B-51B5-430D-A7FE-EF4805D57276}.Release|x86.Build.0 = Release|x86
		{803A6DA5-5497-45B6-A738-1B56D12A83DF}.Debug|Any CPU.ActiveCfg = Debug|x86
		{803A6DA5-5497-45B6-A738-1B56D12A83DF}.Debug|Any CPU.Build.0 = Debug|x86
		{803A6DA5-5497-45B6-A738-1B56D12A83DF}.Debug|Mixed Platforms.ActiveCfg = Debug|x86
		{803A6DA5-5497-45B6-A738-1B56D12A83DF}.Debug|Mixed Platforms.Build.0 = Debug|x86
		{803A6DA5-5497-45B6-A738-1B56D12A83DF}.Debug|x86.ActiveCfg = Debug|x86
		{803A6DA5-5497-45B6-A738-1B56D12A83DF}.Debug|x86.Build.0 = Debug|x86
		{803A6DA5-5497-45B6-A738-1B56D12A83DF}.Release|Any CPU.ActiveCfg = Release|x86
		{803A6DA5-5497-45B6-A738-1B56D12A83DF}.Release|Mixed Platforms.ActiveCfg = Release|x86
		{803A6DA5-5497-45B6-A738-1B56D12A83DF}.Release|Mixed Platforms.Build.0 = Release|x86
		{803A6DA5-5497-45B6-A738-1B56D12A83DF}.Release|x86.ActiveCfg = Release|x86
		{803A6DA5-5497-45B6-A738-1B56D12A83DF}.Release|x86.Build.0 = Release|x86
		{A658D18E-CEC7-41DA-99CE-8AC20130E5CA}.Debug|Any CPU.ActiveCfg = Debug|x86
		{A658D18E-CEC7-41DA-99CE-8AC20130E5CA}.Debug|Any CPU.Build.0 = Debug|x86
		{A658D18E-CEC7-41DA-99CE-8AC20130E5CA}.Debug|Mixed Platforms.ActiveCfg = Debug|x86
		{A658D18E-CEC7-41DA-99CE-8AC20130E5CA}.Debug|Mixed Platforms.Build.0 = Debug|x86
		{A658D18E-CEC7-41DA-99CE-8AC20130E5CA}.Debug|x86.ActiveCfg = Debug|x86
		{A658D18E-CEC7-41DA-99CE-8AC20130E5CA}.Debug|x86.Build.0 = Debug|x86
		{A658D18E-CEC7-41DA-99CE-8AC20130E5CA}.Release|Any CPU.ActiveCfg = Release|x86
		{A658D18E-CEC7-41DA-99CE-8AC20130E5CA}.Release|Mixed Platforms.ActiveCfg = Release|x86
		{A658D18E-CEC7-41DA-99CE-8AC20130E5CA}.Release|Mixed Platforms.Build.0 = Release|x86
		{A658D18E-CEC7-41DA-99CE-8AC20130E5CA}.Release|x86.ActiveCfg = Release|x86
		{A658D18E-CEC7-41DA-99CE-8AC20130E5CA}.Release|x86.Build.0 = Release|x86
		{8C16EA4F-5C5C-4451-BEB3-AD2BFAE92A0F}.Debug|Any CPU.ActiveCfg = Debug|x86
		{8C16EA4F-5C5C-4451-BEB3-AD2BFAE92A0F}.Debug|Any CPU.Build.0 = Debug|x86
		{8C16EA4F-5C5C-4451-BEB3-AD2BFAE92A0F}.Debug|Mixed Platforms.ActiveCfg = Debug|x86
		{8C16EA4F-5C5C-4451-BEB3-AD2BFAE92A0F}.Debug|Mixed Platforms.Build.0 = Debug|x86
		{8C16EA4F-5C5C-4451-BEB3-AD2BFAE92A0F}.Debug|x86.ActiveCfg = Debug|x86
		{8C16EA4F-5C5C-4451-BEB3-AD2BFAE92A0F}.Debug|x86.Build.0 = Debug|x86
		{8C16EA4F-5C5C-4451-BEB3-AD2BFAE92A0F}.Release|Any CPU.ActiveCfg = Release|x86
		{8C16EA4F-5C5C-4451-BEB3-AD2BFAE92A0F}.Release|Mixed Platforms.ActiveCfg = Release|x86
		{8C16EA4F-5C5C-4451-BEB3-AD2BFAE92A0F}.Release|Mixed Platforms.Build.0 = Release|x86
		{8C16EA4F-5C5C-4451-BEB3-AD2BFAE92A0F}.Release|x86.ActiveCfg = Release|x86
		{8C16EA4F-5C5C-4451-BEB3-AD2BFAE92A0F}.Release|x86.Build.0 = Release|x86
		{52F6185C-F865-4BCF-9E02-EBD8C0A71133}.Debug|Any CPU.ActiveCfg = Debug|x86
		{52F6185C-F865-4BCF-9E02-EBD8C0A71133}.Debug|Mixed Platforms.ActiveCfg = Debug|x86
		{52F6185C-F865-4BCF-9E02-EBD8C0A71133}.Debug|Mixed Platforms.Build.0 = Debug|x86
		{52F6185C-F865-4BCF-9E02-EBD8C0A71133}.Debug|x86.ActiveCfg = Debug|x86
		{52F6185C-F865-4BCF-9E02-EBD8C0A71133}.Debug|x86.Build.0 = Debug|x86
		{52F6185C-F865-4BCF-9E02-EBD8C0A71133}.Release|Any CPU.ActiveCfg = Release|x86
		{52F6185C-F865-4BCF-9E02-EBD8C0A71133}.Release|Mixed Platforms.ActiveCfg = Release|x86
		{52F6185C-F865-4BCF-9E02-EBD8C0A71133}.Release|Mixed Platforms.Build.0 = Release|x86
		{52F6185C-F865-4BCF-9E02-EBD8C0A71133}.Release|x86.ActiveCfg = Release|x86
		{52F6185C-F865-4BCF-9E02-EBD8C0A71133}.Release|x86.Build.0 = Release|x86
		{66932482-AC9B-453A-AAE1-1CD292CD8FD8}.Debug|Any CPU.ActiveCfg = Debug|x86
		{66932482-AC9B-453A-AAE1-1CD292CD8FD8}.Debug|Mixed Platforms.ActiveCfg = Debug|x86
		{66932482-AC9B-453A-AAE1-1CD292CD8FD8}.Debug|Mixed Platforms.Build.0 = Debug|x86
		{66932482-AC9B-453A-AAE1-1CD292CD8FD8}.Debug|x86.ActiveCfg = Debug|x86
		{66932482-AC9B-453A-AAE1-1CD292CD8FD8}.Debug|x86.Build.0 = Debug|x86
		{66932482-AC9B-453A-AAE1-1CD292CD8FD8}.Release|Any CPU.ActiveCfg = Release|x86
		{66932482-AC9B-453A-AAE1-1CD292CD8FD8}.Release|Mixed Platforms.ActiveCfg = Release|x86
		{66932482-AC9B-453A-AAE1-1CD292CD8FD8}.Release|Mixed Platforms.Build.0 = Release|x86
		{66932482-AC9B-453A-AAE1-1CD292CD8FD8}.Release|x86.ActiveCfg = Release|x86
		{66932482-AC9B-453A-AAE1-1CD292CD8FD8}.Release|x86.Build.0 = Release|x86
		{D077860D-9316-4E13-9C0C-A2628E4FBE16}.Debug|Any CPU.ActiveCfg = Debug|x86
		{D077860D-9316-4E13-9C0C-A2628E4FBE16}.Debug|Mixed Platforms.ActiveCfg = Debug|x86
		{D077860D-9316-4E13-9C0C-A2628E4FBE16}.Debug|Mixed Platforms.Build.0 = Debug|x86
		{D077860D-9316-4E13-9C0C-A2628E4FBE16}.Debug|x86.ActiveCfg = Debug|x86
		{D077860D-9316-4E13-9C0C-A2628E4FBE16}.Debug|x86.Build.0 = Debug|x86
		{D077860D-9316-4E13-9C0C-A2628E4FBE16}.Release|Any CPU.ActiveCfg = Release|x86
		{D077860D-9316-4E13-9C0C-A2628E4FBE16}.Release|Mixed Platforms.ActiveCfg = Release|x86
		{D077860D-9316-4E13-9C0C-A2628E4FBE16}.Release|Mixed Platforms.Build.0 = Release|x86
		{D077860D-9316-4E13-9C0C-A2628E4FBE16}.Release|x86.ActiveCfg = Release|x86
		{D077860D-9316-4E13-9C0C-A2628E4FBE16}.Release|x86.Build.0 = Release|x86
	EndGlobalSection
	GlobalSection(SolutionProperties) = preSolution
		HideSolutionNode = FALSE
	EndGlobalSection
	GlobalSection(NestedProjects) = preSolution
		{B2984A6D-AD1C-4BE9-94AB-BA002B338751} = {9C91BBE9-AEC4-47C0-98D7-1732A3F205FB}
		{53E67055-13D2-4467-BB57-79589AFAC2CD} = {9C91BBE9-AEC4-47C0-98D7-1732A3F205FB}
		{18CA489C-B5DA-4E0B-9250-6EC9A925F87F} = {7B5EC8D9-8BB2-4738-AE7C-1B6E4BE0DFF3}
		{3130CA21-EC44-49B1-AA7A-52EE64BD6AF4} = {7B5EC8D9-8BB2-4738-AE7C-1B6E4BE0DFF3}
		{A6FE827E-D58F-4389-9E27-7960FE68FF5C} = {7B5EC8D9-8BB2-4738-AE7C-1B6E4BE0DFF3}
		{C2C7CB4D-41C5-4154-A466-B09D30182750} = {7B5EC8D9-8BB2-4738-AE7C-1B6E4BE0DFF3}
		{CAFE01A9-21D3-45D3-95DF-6A6CDE499747} = {7B5EC8D9-8BB2-4738-AE7C-1B6E4BE0DFF3}
		{3BB39A2B-12E6-4821-B9D7-7EDDE7EB1335} = {7B5EC8D9-8BB2-4738-AE7C-1B6E4BE0DFF3}
		{5DDE8F09-0202-41F1-BE23-E4843CA38A07} = {7B5EC8D9-8BB2-4738-AE7C-1B6E4BE0DFF3}
		{96B2D003-5C78-4EB2-9EFB-18CCEF52C90F} = {7B5EC8D9-8BB2-4738-AE7C-1B6E4BE0DFF3}
		{A1067634-84F1-4FA5-B683-000AF430DA1A} = {7B5EC8D9-8BB2-4738-AE7C-1B6E4BE0DFF3}
		{EC159669-6A37-410A-806D-AA05365FA3F3} = {B8FC469E-614B-44E1-8F5C-6DB9DD34C9B0}
		{352017EE-EDA6-48CD-82B9-7B793CD69236} = {B8FC469E-614B-44E1-8F5C-6DB9DD34C9B0}
		{30E922F7-4904-4ACB-93E4-A35DD681E2FA} = {7B5EC8D9-8BB2-4738-AE7C-1B6E4BE0DFF3}
		{FDFA2632-A960-4778-A517-CA9E337C037C} = {9C91BBE9-AEC4-47C0-98D7-1732A3F205FB}
		{6DB0A8E3-0385-4B1A-BF61-44F8275909A2} = {B8FC469E-614B-44E1-8F5C-6DB9DD34C9B0}
		{47BCAA39-EDAD-4404-B6BD-4742B0ABB523} = {9C91BBE9-AEC4-47C0-98D7-1732A3F205FB}
		{5EF45533-E2C7-46F2-B4A3-B8F36CD406E0} = {9C91BBE9-AEC4-47C0-98D7-1732A3F205FB}
		{BF733115-E11E-4EF9-A582-E79EEE7D53DA} = {7B5EC8D9-8BB2-4738-AE7C-1B6E4BE0DFF3}
		{A014D02B-51B5-430D-A7FE-EF4805D57276} = {B8FC469E-614B-44E1-8F5C-6DB9DD34C9B0}
		{803A6DA5-5497-45B6-A738-1B56D12A83DF} = {B8FC469E-614B-44E1-8F5C-6DB9DD34C9B0}
		{A658D18E-CEC7-41DA-99CE-8AC20130E5CA} = {7B5EC8D9-8BB2-4738-AE7C-1B6E4BE0DFF3}
		{8C16EA4F-5C5C-4451-BEB3-AD2BFAE92A0F} = {B8FC469E-614B-44E1-8F5C-6DB9DD34C9B0}
		{52F6185C-F865-4BCF-9E02-EBD8C0A71133} = {7B5EC8D9-8BB2-4738-AE7C-1B6E4BE0DFF3}
		{66932482-AC9B-453A-AAE1-1CD292CD8FD8} = {B8FC469E-614B-44E1-8F5C-6DB9DD34C9B0}
		{D077860D-9316-4E13-9C0C-A2628E4FBE16} = {B8FC469E-614B-44E1-8F5C-6DB9DD34C9B0}
	EndGlobalSection
	GlobalSection(ExtensibilityGlobals) = postSolution
		SolutionGuid = {3C05EA96-D2E6-44CE-84F2-54A54E4AD730}
	EndGlobalSection
EndGlobal
