
Microsoft Visual Studio Solution File, Format Version 11.00
# Visual Studio 2010
Project("{FAE04EC0-301F-11D3-BF4B-00C04F79EFBC}") = "SharpGL.2010", "SharpGL.2010\SharpGL.2010.csproj", "{A08D9E9C-BF4B-4B4B-918E-471396B96B78}"
EndProject
Project("{FAE04EC0-301F-11D3-BF4B-00C04F79EFBC}") = "WinformsTemplateProject.2010", "WinformsTemplateProject.2010\WinformsTemplateProject.2010.csproj", "{F121FFB2-8F7F-4374-930C-D8C80AFFB6BF}"
EndProject
Project("{FAE04EC0-301F-11D3-BF4B-00C04F79EFBC}") = "WpfTemplateProject.2010", "WpfTemplateProject.2010\WpfTemplateProject.2010.csproj", "{E0B3D9B1-A682-4124-8AE5-0A94644EFF36}"
EndProject
Global
	GlobalSection(SolutionConfigurationPlatforms) = preSolution
		Debug|Any CPU = Debug|Any CPU
		Debug|Mixed Platforms = Debug|Mixed Platforms
		Debug|x86 = Debug|x86
		Release|Any CPU = Release|Any CPU
		Release|Mixed Platforms = Release|Mixed Platforms
		Release|x86 = Release|x86
	EndGlobalSection
	GlobalSection(ProjectConfigurationPlatforms) = postSolution
		{A08D9E9C-BF4B-4B4B-918E-471396B96B78}.Debug|Any CPU.ActiveCfg = Debug|Any CPU
		{A08D9E9C-BF4B-4B4B-918E-471396B96B78}.Debug|Any CPU.Build.0 = Debug|Any CPU
		{A08D9E9C-BF4B-4B4B-918E-471396B96B78}.Debug|Mixed Platforms.ActiveCfg = Debug|Any CPU
		{A08D9E9C-BF4B-4B4B-918E-471396B96B78}.Debug|Mixed Platforms.Build.0 = Debug|Any CPU
		{A08D9E9C-BF4B-4B4B-918E-471396B96B78}.Debug|x86.ActiveCfg = Debug|Any CPU
		{A08D9E9C-BF4B-4B4B-918E-471396B96B78}.Release|Any CPU.ActiveCfg = Release|Any CPU
		{A08D9E9C-BF4B-4B4B-918E-471396B96B78}.Release|Any CPU.Build.0 = Release|Any CPU
		{A08D9E9C-BF4B-4B4B-918E-471396B96B78}.Release|Mixed Platforms.ActiveCfg = Release|Any CPU
		{A08D9E9C-BF4B-4B4B-918E-471396B96B78}.Release|Mixed Platforms.Build.0 = Release|Any CPU
		{A08D9E9C-BF4B-4B4B-918E-471396B96B78}.Release|x86.ActiveCfg = Release|Any CPU
		{F121FFB2-8F7F-4374-930C-D8C80AFFB6BF}.Debug|Any CPU.ActiveCfg = Debug|Any CPU
		{F121FFB2-8F7F-4374-930C-D8C80AFFB6BF}.Debug|Any CPU.Build.0 = Debug|Any CPU
		{F121FFB2-8F7F-4374-930C-D8C80AFFB6BF}.Debug|Mixed Platforms.ActiveCfg = Debug|Any CPU
		{F121FFB2-8F7F-4374-930C-D8C80AFFB6BF}.Debug|Mixed Platforms.Build.0 = Debug|Any CPU
		{F121FFB2-8F7F-4374-930C-D8C80AFFB6BF}.Debug|x86.ActiveCfg = Debug|Any CPU
		{F121FFB2-8F7F-4374-930C-D8C80AFFB6BF}.Release|Any CPU.ActiveCfg = Release|Any CPU
		{F121FFB2-8F7F-4374-930C-D8C80AFFB6BF}.Release|Any CPU.Build.0 = Release|Any CPU
		{F121FFB2-8F7F-4374-930C-D8C80AFFB6BF}.Release|Mixed Platforms.ActiveCfg = Release|Any CPU
		{F121FFB2-8F7F-4374-930C-D8C80AFFB6BF}.Release|Mixed Platforms.Build.0 = Release|Any CPU
		{F121FFB2-8F7F-4374-930C-D8C80AFFB6BF}.Release|x86.ActiveCfg = Release|Any CPU
		{E0B3D9B1-A682-4124-8AE5-0A94644EFF36}.Debug|Any CPU.ActiveCfg = Debug|Any CPU
		{E0B3D9B1-A682-4124-8AE5-0A94644EFF36}.Debug|Any CPU.Build.0 = Debug|Any CPU
		{E0B3D9B1-A682-4124-8AE5-0A94644EFF36}.Debug|Mixed Platforms.ActiveCfg = Debug|Any CPU
		{E0B3D9B1-A682-4124-8AE5-0A94644EFF36}.Debug|Mixed Platforms.Build.0 = Debug|Any CPU
		{E0B3D9B1-A682-4124-8AE5-0A94644EFF36}.Debug|x86.ActiveCfg = Debug|Any CPU
		{E0B3D9B1-A682-4124-8AE5-0A94644EFF36}.Release|Any CPU.ActiveCfg = Release|Any CPU
		{E0B3D9B1-A682-4124-8AE5-0A94644EFF36}.Release|Any CPU.Build.0 = Release|Any CPU
		{E0B3D9B1-A682-4124-8AE5-0A94644EFF36}.Release|Mixed Platforms.ActiveCfg = Release|Any CPU
		{E0B3D9B1-A682-4124-8AE5-0A94644EFF36}.Release|Mixed Platforms.Build.0 = Release|Any CPU
		{E0B3D9B1-A682-4124-8AE5-0A94644EFF36}.Release|x86.ActiveCfg = Release|Any CPU
	EndGlobalSection
	GlobalSection(SolutionProperties) = preSolution
		HideSolutionNode = FALSE
	EndGlobalSection
EndGlobal
